
Microsoft Visual Studio Solution File, Format Version 12.00
# Visual Studio Version 16
VisualStudioVersion = 16.0.30114.105
MinimumVisualStudioVersion = 10.0.40219.1
Project("{2150E333-8FDC-42A3-9474-1A3956D46DE8}") = "src", "src", "{A432DA6D-ADCE-4EA1-9697-7A637F75605D}"
EndProject
Project("{FAE04EC0-301F-11D3-BF4B-00C04F79EFBC}") = "Application", "src\Application\Application.csproj", "{96764F9E-66BB-4F64-A1BA-DE92537996E1}"
EndProject
Project("{FAE04EC0-301F-11D3-BF4B-00C04F79EFBC}") = "Core", "src\Core\Core.csproj", "{1FD50DE9-0E1C-413D-B034-0266835574C6}"
EndProject
Project("{FAE04EC0-301F-11D3-BF4B-00C04F79EFBC}") = "Infrastructure", "src\Infrastructure\Infrastructure.csproj", "{DBD7AE2C-2405-45D5-AEE5-CF46D3200138}"
EndProject
Project("{FAE04EC0-301F-11D3-BF4B-00C04F79EFBC}") = "Web", "src\Web\Web.csproj", "{AE9D2078-6A9E-4451-A3E6-79491749902E}"
EndProject
Project("{2150E333-8FDC-42A3-9474-1A3956D46DE8}") = "tests", "tests", "{3043D016-B9BF-4706-9773-3D58457A78AC}"
EndProject
Project("{FAE04EC0-301F-11D3-BF4B-00C04F79EFBC}") = "Application.UnitTests", "tests\Application.UnitTests\Application.UnitTests.csproj", "{AE958DF1-B480-4556-A68C-E042072DB7A6}"
EndProject
Project("{FAE04EC0-301F-11D3-BF4B-00C04F79EFBC}") = "Core.UnitTests", "tests\Core.UnitTests\Core.UnitTests.csproj", "{0BFC9718-3107-4E48-B952-C0B345A55A20}"
EndProject
Project("{FAE04EC0-301F-11D3-BF4B-00C04F79EFBC}") = "Hippo.FunctionalTests", "tests\Hippo.FunctionalTests\Hippo.FunctionalTests.csproj", "{8C25A909-52B2-4326-BF00-23C053376EB5}"
EndProject
Global
	GlobalSection(SolutionConfigurationPlatforms) = preSolution
		Debug|Any CPU = Debug|Any CPU
		Release|Any CPU = Release|Any CPU
	EndGlobalSection
	GlobalSection(SolutionProperties) = preSolution
		HideSolutionNode = FALSE
	EndGlobalSection
	GlobalSection(ProjectConfigurationPlatforms) = postSolution
		{96764F9E-66BB-4F64-A1BA-DE92537996E1}.Debug|Any CPU.ActiveCfg = Debug|Any CPU
		{96764F9E-66BB-4F64-A1BA-DE92537996E1}.Debug|Any CPU.Build.0 = Debug|Any CPU
		{96764F9E-66BB-4F64-A1BA-DE92537996E1}.Release|Any CPU.ActiveCfg = Release|Any CPU
		{96764F9E-66BB-4F64-A1BA-DE92537996E1}.Release|Any CPU.Build.0 = Release|Any CPU
		{1FD50DE9-0E1C-413D-B034-0266835574C6}.Debug|Any CPU.ActiveCfg = Debug|Any CPU
		{1FD50DE9-0E1C-413D-B034-0266835574C6}.Debug|Any CPU.Build.0 = Debug|Any CPU
		{1FD50DE9-0E1C-413D-B034-0266835574C6}.Release|Any CPU.ActiveCfg = Release|Any CPU
		{1FD50DE9-0E1C-413D-B034-0266835574C6}.Release|Any CPU.Build.0 = Release|Any CPU
		{DBD7AE2C-2405-45D5-AEE5-CF46D3200138}.Debug|Any CPU.ActiveCfg = Debug|Any CPU
		{DBD7AE2C-2405-45D5-AEE5-CF46D3200138}.Debug|Any CPU.Build.0 = Debug|Any CPU
		{DBD7AE2C-2405-45D5-AEE5-CF46D3200138}.Release|Any CPU.ActiveCfg = Release|Any CPU
		{DBD7AE2C-2405-45D5-AEE5-CF46D3200138}.Release|Any CPU.Build.0 = Release|Any CPU
		{AE9D2078-6A9E-4451-A3E6-79491749902E}.Debug|Any CPU.ActiveCfg = Debug|Any CPU
		{AE9D2078-6A9E-4451-A3E6-79491749902E}.Debug|Any CPU.Build.0 = Debug|Any CPU
		{AE9D2078-6A9E-4451-A3E6-79491749902E}.Release|Any CPU.ActiveCfg = Release|Any CPU
		{AE9D2078-6A9E-4451-A3E6-79491749902E}.Release|Any CPU.Build.0 = Release|Any CPU
		{AE958DF1-B480-4556-A68C-E042072DB7A6}.Debug|Any CPU.ActiveCfg = Debug|Any CPU
		{AE958DF1-B480-4556-A68C-E042072DB7A6}.Debug|Any CPU.Build.0 = Debug|Any CPU
		{AE958DF1-B480-4556-A68C-E042072DB7A6}.Release|Any CPU.ActiveCfg = Release|Any CPU
		{AE958DF1-B480-4556-A68C-E042072DB7A6}.Release|Any CPU.Build.0 = Release|Any CPU
		{0BFC9718-3107-4E48-B952-C0B345A55A20}.Debug|Any CPU.ActiveCfg = Debug|Any CPU
		{0BFC9718-3107-4E48-B952-C0B345A55A20}.Debug|Any CPU.Build.0 = Debug|Any CPU
		{0BFC9718-3107-4E48-B952-C0B345A55A20}.Release|Any CPU.ActiveCfg = Release|Any CPU
		{0BFC9718-3107-4E48-B952-C0B345A55A20}.Release|Any CPU.Build.0 = Release|Any CPU
		{8C25A909-52B2-4326-BF00-23C053376EB5}.Debug|Any CPU.ActiveCfg = Debug|Any CPU
		{8C25A909-52B2-4326-BF00-23C053376EB5}.Debug|Any CPU.Build.0 = Debug|Any CPU
		{8C25A909-52B2-4326-BF00-23C053376EB5}.Release|Any CPU.ActiveCfg = Release|Any CPU
		{8C25A909-52B2-4326-BF00-23C053376EB5}.Release|Any CPU.Build.0 = Release|Any CPU
	EndGlobalSection
	GlobalSection(NestedProjects) = preSolution
		{96764F9E-66BB-4F64-A1BA-DE92537996E1} = {A432DA6D-ADCE-4EA1-9697-7A637F75605D}
		{1FD50DE9-0E1C-413D-B034-0266835574C6} = {A432DA6D-ADCE-4EA1-9697-7A637F75605D}
		{DBD7AE2C-2405-45D5-AEE5-CF46D3200138} = {A432DA6D-ADCE-4EA1-9697-7A637F75605D}
		{AE9D2078-6A9E-4451-A3E6-79491749902E} = {A432DA6D-ADCE-4EA1-9697-7A637F75605D}
		{AE958DF1-B480-4556-A68C-E042072DB7A6} = {3043D016-B9BF-4706-9773-3D58457A78AC}
		{0BFC9718-3107-4E48-B952-C0B345A55A20} = {3043D016-B9BF-4706-9773-3D58457A78AC}
		{8C25A909-52B2-4326-BF00-23C053376EB5} = {3043D016-B9BF-4706-9773-3D58457A78AC}
	EndGlobalSection
EndGlobal
