
Microsoft Visual Studio Solution File, Format Version 12.00
# Visual Studio Version 16
VisualStudioVersion = 16.0.31129.286
MinimumVisualStudioVersion = 10.0.40219.1
Project("{FAE04EC0-301F-11D3-BF4B-00C04F79EFBC}") = "Hippo", "Hippo\Hippo.csproj", "{8927CEEA-0EF3-41F0-A5B9-B368777F8F09}"
EndProject
Project("{FAE04EC0-301F-11D3-BF4B-00C04F79EFBC}") = "Hippo.Test", "Hippo.Tests\Hippo.Tests.csproj", "{CDC0A540-3CB4-4130-B3A0-C808E61F92FE}"
EndProject
Global
	GlobalSection(SolutionConfigurationPlatforms) = preSolution
		Debug|Any CPU = Debug|Any CPU
		Release|Any CPU = Release|Any CPU
	EndGlobalSection
	GlobalSection(ProjectConfigurationPlatforms) = postSolution
		{8927CEEA-0EF3-41F0-A5B9-B368777F8F09}.Debug|Any CPU.ActiveCfg = Debug|Any CPU
		{8927CEEA-0EF3-41F0-A5B9-B368777F8F09}.Debug|Any CPU.Build.0 = Debug|Any CPU
		{8927CEEA-0EF3-41F0-A5B9-B368777F8F09}.Release|Any CPU.ActiveCfg = Release|Any CPU
		{8927CEEA-0EF3-41F0-A5B9-B368777F8F09}.Release|Any CPU.Build.0 = Release|Any CPU
		{CDC0A540-3CB4-4130-B3A0-C808E61F92FE}.Debug|Any CPU.ActiveCfg = Debug|Any CPU
		{CDC0A540-3CB4-4130-B3A0-C808E61F92FE}.Debug|Any CPU.Build.0 = Debug|Any CPU
		{CDC0A540-3CB4-4130-B3A0-C808E61F92FE}.Release|Any CPU.ActiveCfg = Release|Any CPU
		{CDC0A540-3CB4-4130-B3A0-C808E61F92FE}.Release|Any CPU.Build.0 = Release|Any CPU
	EndGlobalSection
	GlobalSection(SolutionProperties) = preSolution
		HideSolutionNode = FALSE
	EndGlobalSection
	GlobalSection(ExtensibilityGlobals) = postSolution
		SolutionGuid = {EFBAD285-61F0-482C-A6AB-EB24E1BB1CF7}
	EndGlobalSection
EndGlobal
