
Microsoft Visual Studio Solution File, Format Version 12.00
# Visual Studio Version 16
VisualStudioVersion = 16.0.31129.286
MinimumVisualStudioVersion = 10.0.40219.1
Project("{FAE04EC0-301F-11D3-BF4B-00C04F79EFBC}") = "hippo", "hippo.csproj", "{835709F6-25B4-42A4-8A7C-8671D2A0F333}"
EndProject
Global
	GlobalSection(SolutionConfigurationPlatforms) = preSolution
		Debug|Any CPU = Debug|Any CPU
		Release|Any CPU = Release|Any CPU
	EndGlobalSection
	GlobalSection(ProjectConfigurationPlatforms) = postSolution
		{835709F6-25B4-42A4-8A7C-8671D2A0F333}.Debug|Any CPU.ActiveCfg = Debug|Any CPU
		{835709F6-25B4-42A4-8A7C-8671D2A0F333}.Debug|Any CPU.Build.0 = Debug|Any CPU
		{835709F6-25B4-42A4-8A7C-8671D2A0F333}.Release|Any CPU.ActiveCfg = Release|Any CPU
		{835709F6-25B4-42A4-8A7C-8671D2A0F333}.Release|Any CPU.Build.0 = Release|Any CPU
	EndGlobalSection
	GlobalSection(SolutionProperties) = preSolution
		HideSolutionNode = FALSE
	EndGlobalSection
	GlobalSection(ExtensibilityGlobals) = postSolution
		SolutionGuid = {87B2BDA7-8DD7-4D02-98F2-E531F468CA15}
	EndGlobalSection
EndGlobal
